
Microsoft Visual Studio Solution File, Format Version 12.00
# Visual Studio 15
VisualStudioVersion = 15.0.27004.2005
MinimumVisualStudioVersion = 10.0.40219.1
Project("{FAE04EC0-301F-11D3-BF4B-00C04F79EFBC}") = "NnFrameWork.Redis", "NnFrameWork.Redis\NnFrameWork.Redis.csproj", "{023271E5-D053-4A6C-827F-E25931E19B27}"
EndProject
Project("{FAE04EC0-301F-11D3-BF4B-00C04F79EFBC}") = "NnFrameWork.ConsoleApp", "NnFrameWork.ConsoleApp\NnFrameWork.ConsoleApp.csproj", "{33DDD730-71A3-4380-8935-12620BD51192}"
EndProject
Global
	GlobalSection(SolutionConfigurationPlatforms) = preSolution
		Debug|Any CPU = Debug|Any CPU
		Release|Any CPU = Release|Any CPU
	EndGlobalSection
	GlobalSection(ProjectConfigurationPlatforms) = postSolution
		{023271E5-D053-4A6C-827F-E25931E19B27}.Debug|Any CPU.ActiveCfg = Debug|Any CPU
		{023271E5-D053-4A6C-827F-E25931E19B27}.Debug|Any CPU.Build.0 = Debug|Any CPU
		{023271E5-D053-4A6C-827F-E25931E19B27}.Release|Any CPU.ActiveCfg = Release|Any CPU
		{023271E5-D053-4A6C-827F-E25931E19B27}.Release|Any CPU.Build.0 = Release|Any CPU
		{33DDD730-71A3-4380-8935-12620BD51192}.Debug|Any CPU.ActiveCfg = Debug|Any CPU
		{33DDD730-71A3-4380-8935-12620BD51192}.Debug|Any CPU.Build.0 = Debug|Any CPU
		{33DDD730-71A3-4380-8935-12620BD51192}.Release|Any CPU.ActiveCfg = Release|Any CPU
		{33DDD730-71A3-4380-8935-12620BD51192}.Release|Any CPU.Build.0 = Release|Any CPU
	EndGlobalSection
	GlobalSection(SolutionProperties) = preSolution
		HideSolutionNode = FALSE
	EndGlobalSection
	GlobalSection(ExtensibilityGlobals) = postSolution
		SolutionGuid = {0CD48D4B-7D3C-4236-90A0-84DF6E6A272C}
	EndGlobalSection
EndGlobal
